github.com/h2non/filetype v1.1.3 h1:FKkx9QbD7HR/zjK1Ia5XiBsq9zdLi5Kf3zGyFTAFkGg=
github.com/h2non/filetype v1.1.3/go.mod h1:319b3zT68BvV+WRj7cwy856M2ehB3HqNOt6sy1HndBY=
github.com/hellflame/argparse v1.11.0 h1:kyGSAAdRyI8KOEemzDwZ3OO2rbNfSMEa7dbPGlTp9Dk=
github.com/hellflame/argparse v1.11.0/go.mod h1:nOtOQAtkWh6u5msq6huJxZtjb+Yg9VeN0e7vRuBS49E=
gopkg.in/gographics/imagick.v3 v3.4.3 h1:9plKFE/Us913jBN6KohtLG9FNW8LPvfpjiGAORIiEHg=
gopkg.in/gographics/imagick.v3 v3.4.3/go.mod h1:+Q9nyA2xRZXrDyTtJ/eko+8V/5E7bWYs08ndkZp8UmA=
